
Microsoft Visual Studio Solution File, Format Version 12.00
# Visual Studio Version 17
VisualStudioVersion = 17.11.35431.28
MinimumVisualStudioVersion = 10.0.40219.1
Project("{9A19103F-16F7-4668-BE54-9A1E7A4F7556}") = "GeneticAlgorithm", "GeneticAlgorithm\GeneticAlgorithm.csproj", "{751B1559-5471-41A0-A1E4-E7B39FCDA26D}"
EndProject
Global
	GlobalSection(SolutionConfigurationPlatforms) = preSolution
		Debug|Any CPU = Debug|Any CPU
		Release|Any CPU = Release|Any CPU
	EndGlobalSection
	GlobalSection(ProjectConfigurationPlatforms) = postSolution
		{751B1559-5471-41A0-A1E4-E7B39FCDA26D}.Debug|Any CPU.ActiveCfg = Debug|Any CPU
		{751B1559-5471-41A0-A1E4-E7B39FCDA26D}.Debug|Any CPU.Build.0 = Debug|Any CPU
		{751B1559-5471-41A0-A1E4-E7B39FCDA26D}.Release|Any CPU.ActiveCfg = Release|Any CPU
		{751B1559-5471-41A0-A1E4-E7B39FCDA26D}.Release|Any CPU.Build.0 = Release|Any CPU
	EndGlobalSection
	GlobalSection(SolutionProperties) = preSolution
		HideSolutionNode = FALSE
	EndGlobalSection
	GlobalSection(ExtensibilityGlobals) = postSolution
		SolutionGuid = {65A7B404-8101-4CBD-A721-3560ACD69348}
	EndGlobalSection
EndGlobal
